# THIS IS AN AUTOGENERATED FILE. DO NOT EDIT THIS FILE DIRECTLY.
# yarn lockfile v1


director@~1.2.2:
  version "1.2.8"
  resolved "https://registry.yarnpkg.com/director/-/director-1.2.8.tgz#c6d9b4dd890e9aff5365183fe9cc8e73994cf2d5"
  integrity sha1-xtm03YkOmv9TZRg/6cyOc5lM8tU=

jquery@~2.1.1:
  version "2.1.4"
  resolved "https://registry.yarnpkg.com/jquery/-/jquery-2.1.4.tgz#228bde698a0c61431dc2630a6a154f15890d2317"
  integrity sha1-IoveaYoMYUMdwmMKahVPFYkNIxc=

todomvc-app-css@^2.1.0:
  version "2.2.0"
  resolved "https://registry.yarnpkg.com/todomvc-app-css/-/todomvc-app-css-2.2.0.tgz#6f84b15d9d4e0cf186679489fb236050c822de11"
  integrity sha512-H03oc3QOxiGXv+MqnotcduZIwoGX8A8QbSx9J4U2Z5R96LrK+dvQmRDTgeCc0nlkPBhd3nUL4EbfS7l0TccM5g==

todomvc-common@~1.0.1:
  version "1.0.5"
  resolved "https://registry.yarnpkg.com/todomvc-common/-/todomvc-common-1.0.5.tgz#8c3e799ac9f1fc1573e0c204f984510826914730"
  integrity sha512-D8kEJmxVMQIWwztEdH+WeiAfXRbbSCpgXq4NkYi+gduJ2tr8CNq7sYLfJvjpQ10KD9QxJwig57rvMbV2QAESwQ==
